
Microsoft Visual Studio Solution File, Format Version 12.00
# Visual Studio 14
VisualStudioVersion = 14.0.23107.0
MinimumVisualStudioVersion = 10.0.40219.1
Project("{FAE04EC0-301F-11D3-BF4B-00C04F79EFBC}") = "RefactorableSettingsGenerator", "RefactorableSettingsGenerator\RefactorableSettingsGenerator.csproj", "{7C7D73AB-488E-4CFC-B01F-83EA8035CE16}"
EndProject
Project("{FAE04EC0-301F-11D3-BF4B-00C04F79EFBC}") = "RefactorableSettingsGenerator.Tests", "RefactorableSettingsGenerator.Tests\RefactorableSettingsGenerator.Tests.csproj", "{2DCA218D-0AB0-404C-8AF1-19705D1C447F}"
EndProject
Global
	GlobalSection(SolutionConfigurationPlatforms) = preSolution
		Debug|Any CPU = Debug|Any CPU
		Release|Any CPU = Release|Any CPU
	EndGlobalSection
	GlobalSection(ProjectConfigurationPlatforms) = postSolution
		{7C7D73AB-488E-4CFC-B01F-83EA8035CE16}.Debug|Any CPU.ActiveCfg = Debug|Any CPU
		{7C7D73AB-488E-4CFC-B01F-83EA8035CE16}.Debug|Any CPU.Build.0 = Debug|Any CPU
		{7C7D73AB-488E-4CFC-B01F-83EA8035CE16}.Release|Any CPU.ActiveCfg = Release|Any CPU
		{7C7D73AB-488E-4CFC-B01F-83EA8035CE16}.Release|Any CPU.Build.0 = Release|Any CPU
		{2DCA218D-0AB0-404C-8AF1-19705D1C447F}.Debug|Any CPU.ActiveCfg = Debug|Any CPU
		{2DCA218D-0AB0-404C-8AF1-19705D1C447F}.Debug|Any CPU.Build.0 = Debug|Any CPU
		{2DCA218D-0AB0-404C-8AF1-19705D1C447F}.Release|Any CPU.ActiveCfg = Release|Any CPU
		{2DCA218D-0AB0-404C-8AF1-19705D1C447F}.Release|Any CPU.Build.0 = Release|Any CPU
	EndGlobalSection
	GlobalSection(SolutionProperties) = preSolution
		HideSolutionNode = FALSE
	EndGlobalSection
EndGlobal
